
Microsoft Visual Studio Solution File, Format Version 12.00
# Visual Studio 14
VisualStudioVersion = 14.0.25420.1
MinimumVisualStudioVersion = 10.0.40219.1
Project("{FAE04EC0-301F-11D3-BF4B-00C04F79EFBC}") = "Stacja_paliw", "Stacja_paliw\Stacja_paliw.csproj", "{AF5033AC-1684-4817-A563-9C34833668BF}"
EndProject
Project("{FAE04EC0-301F-11D3-BF4B-00C04F79EFBC}") = "DomainModel", "DomainModel\DomainModel.csproj", "{D5F3FDB3-DA4E-450E-A1C3-029A70C6B2B7}"
EndProject
Project("{FAE04EC0-301F-11D3-BF4B-00C04F79EFBC}") = "PetrolStationDB", "PetrolStationDB\PetrolStationDB.csproj", "{1BE83B91-7400-4C49-A378-70E8475A023E}"
EndProject
Project("{FAE04EC0-301F-11D3-BF4B-00C04F79EFBC}") = "DbHandler", "DbHandler\DbHandler.csproj", "{A82413A0-E09D-43FC-9460-C836877AB373}"
EndProject
Global
	GlobalSection(SolutionConfigurationPlatforms) = preSolution
		Debug|Any CPU = Debug|Any CPU
		Release|Any CPU = Release|Any CPU
	EndGlobalSection
	GlobalSection(ProjectConfigurationPlatforms) = postSolution
		{AF5033AC-1684-4817-A563-9C34833668BF}.Debug|Any CPU.ActiveCfg = Debug|Any CPU
		{AF5033AC-1684-4817-A563-9C34833668BF}.Debug|Any CPU.Build.0 = Debug|Any CPU
		{AF5033AC-1684-4817-A563-9C34833668BF}.Release|Any CPU.ActiveCfg = Release|Any CPU
		{AF5033AC-1684-4817-A563-9C34833668BF}.Release|Any CPU.Build.0 = Release|Any CPU
		{D5F3FDB3-DA4E-450E-A1C3-029A70C6B2B7}.Debug|Any CPU.ActiveCfg = Debug|Any CPU
		{D5F3FDB3-DA4E-450E-A1C3-029A70C6B2B7}.Debug|Any CPU.Build.0 = Debug|Any CPU
		{D5F3FDB3-DA4E-450E-A1C3-029A70C6B2B7}.Release|Any CPU.ActiveCfg = Release|Any CPU
		{D5F3FDB3-DA4E-450E-A1C3-029A70C6B2B7}.Release|Any CPU.Build.0 = Release|Any CPU
		{1BE83B91-7400-4C49-A378-70E8475A023E}.Debug|Any CPU.ActiveCfg = Debug|Any CPU
		{1BE83B91-7400-4C49-A378-70E8475A023E}.Debug|Any CPU.Build.0 = Debug|Any CPU
		{1BE83B91-7400-4C49-A378-70E8475A023E}.Release|Any CPU.ActiveCfg = Release|Any CPU
		{1BE83B91-7400-4C49-A378-70E8475A023E}.Release|Any CPU.Build.0 = Release|Any CPU
		{A82413A0-E09D-43FC-9460-C836877AB373}.Debug|Any CPU.ActiveCfg = Debug|Any CPU
		{A82413A0-E09D-43FC-9460-C836877AB373}.Debug|Any CPU.Build.0 = Debug|Any CPU
		{A82413A0-E09D-43FC-9460-C836877AB373}.Release|Any CPU.ActiveCfg = Release|Any CPU
		{A82413A0-E09D-43FC-9460-C836877AB373}.Release|Any CPU.Build.0 = Release|Any CPU
	EndGlobalSection
	GlobalSection(SolutionProperties) = preSolution
		HideSolutionNode = FALSE
	EndGlobalSection
EndGlobal
